
Microsoft Visual Studio Solution File, Format Version 12.00
# Visual Studio 15
Project("{FAE04EC0-301F-11D3-BF4B-00C04F79EFBC}") = "wheelnav-proj", "wheelnav-proj.csproj", "{772EE465-AADB-4AA4-8D6B-D1DD63307BDD}"
EndProject
Global
	GlobalSection(SolutionConfigurationPlatforms) = preSolution
		Debug|Any CPU = Debug|Any CPU
		Release|Any CPU = Release|Any CPU
	EndGlobalSection
	GlobalSection(ProjectConfigurationPlatforms) = postSolution
		{772EE465-AADB-4AA4-8D6B-D1DD63307BDD}.Debug|Any CPU.ActiveCfg = Debug|Any CPU
		{772EE465-AADB-4AA4-8D6B-D1DD63307BDD}.Debug|Any CPU.Build.0 = Debug|Any CPU
		{772EE465-AADB-4AA4-8D6B-D1DD63307BDD}.Release|Any CPU.ActiveCfg = Release|Any CPU
		{772EE465-AADB-4AA4-8D6B-D1DD63307BDD}.Release|Any CPU.Build.0 = Release|Any CPU
	EndGlobalSection
EndGlobal
